github.com/learnpixelart/pixelart.go v0.0.0-20221027145508-aa6320022498 h1:0gGleemF0YEgm+u/eUR/Hf2gzgSVcntWeFUbf/toB3E=
github.com/learnpixelart/pixelart.go v0.0.0-20221027145508-aa6320022498/go.mod h1:28Fu/gR/6D/enGNVTTDHARliKOEBoHStb+r88OfoOFY=
github.com/pixelartexchange/artbase.server v1.0.1 h1:sXnGpcDqbh28MIFesaXM2cm2N0WNNqoa21ML2dvzmdM=
github.com/pixelartexchange/artbase.server v1.0.1/go.mod h1:yJ0lo6XQ+ORG/rIklIoHOjGZZYWj7gXA4Rk5WD4Lemg=
